
Microsoft Visual Studio Solution File, Format Version 12.00
# Visual Studio Version 17
VisualStudioVersion = 17.3.32922.545
MinimumVisualStudioVersion = 10.0.40219.1
Project("{FAE04EC0-301F-11D3-BF4B-00C04F79EFBC}") = "KD12BlogProject.UI", "KD12BlogProject.UI\KD12BlogProject.UI.csproj", "{3BB66FD7-01A6-4399-8BEA-9BEFAE28EFEE}"
EndProject
Project("{FAE04EC0-301F-11D3-BF4B-00C04F79EFBC}") = "KD12BlogProject.Bussiness", "KD12BlogProject.Bussiness\KD12BlogProject.Bussiness.csproj", "{DC0A657B-0DD7-4ED8-9517-C30A05D520A0}"
EndProject
Project("{FAE04EC0-301F-11D3-BF4B-00C04F79EFBC}") = "KD12BlogProject.Entities", "KD12BlogProject.Entities\KD12BlogProject.Entities.csproj", "{BB2413A4-25EC-44E8-980C-B7F3E61FE8E9}"
EndProject
Project("{FAE04EC0-301F-11D3-BF4B-00C04F79EFBC}") = "KD12BlogProject.DataAccess", "KD12BlogProject.DataAccess\KD12BlogProject.DataAccess.csproj", "{A445FAD6-0FDF-42CE-9595-73FEBA766F8F}"
EndProject
Project("{FAE04EC0-301F-11D3-BF4B-00C04F79EFBC}") = "KD12BlogProject.Core", "KD12BlogProject.Core\KD12BlogProject.Core.csproj", "{A1B4949D-9EFC-494D-8FDD-304D3DEC36E2}"
EndProject
Global
	GlobalSection(SolutionConfigurationPlatforms) = preSolution
		Debug|Any CPU = Debug|Any CPU
		Release|Any CPU = Release|Any CPU
	EndGlobalSection
	GlobalSection(ProjectConfigurationPlatforms) = postSolution
		{3BB66FD7-01A6-4399-8BEA-9BEFAE28EFEE}.Debug|Any CPU.ActiveCfg = Debug|Any CPU
		{3BB66FD7-01A6-4399-8BEA-9BEFAE28EFEE}.Debug|Any CPU.Build.0 = Debug|Any CPU
		{3BB66FD7-01A6-4399-8BEA-9BEFAE28EFEE}.Release|Any CPU.ActiveCfg = Release|Any CPU
		{3BB66FD7-01A6-4399-8BEA-9BEFAE28EFEE}.Release|Any CPU.Build.0 = Release|Any CPU
		{DC0A657B-0DD7-4ED8-9517-C30A05D520A0}.Debug|Any CPU.ActiveCfg = Debug|Any CPU
		{DC0A657B-0DD7-4ED8-9517-C30A05D520A0}.Debug|Any CPU.Build.0 = Debug|Any CPU
		{DC0A657B-0DD7-4ED8-9517-C30A05D520A0}.Release|Any CPU.ActiveCfg = Release|Any CPU
		{DC0A657B-0DD7-4ED8-9517-C30A05D520A0}.Release|Any CPU.Build.0 = Release|Any CPU
		{BB2413A4-25EC-44E8-980C-B7F3E61FE8E9}.Debug|Any CPU.ActiveCfg = Debug|Any CPU
		{BB2413A4-25EC-44E8-980C-B7F3E61FE8E9}.Debug|Any CPU.Build.0 = Debug|Any CPU
		{BB2413A4-25EC-44E8-980C-B7F3E61FE8E9}.Release|Any CPU.ActiveCfg = Release|Any CPU
		{BB2413A4-25EC-44E8-980C-B7F3E61FE8E9}.Release|Any CPU.Build.0 = Release|Any CPU
		{A445FAD6-0FDF-42CE-9595-73FEBA766F8F}.Debug|Any CPU.ActiveCfg = Debug|Any CPU
		{A445FAD6-0FDF-42CE-9595-73FEBA766F8F}.Debug|Any CPU.Build.0 = Debug|Any CPU
		{A445FAD6-0FDF-42CE-9595-73FEBA766F8F}.Release|Any CPU.ActiveCfg = Release|Any CPU
		{A445FAD6-0FDF-42CE-9595-73FEBA766F8F}.Release|Any CPU.Build.0 = Release|Any CPU
		{A1B4949D-9EFC-494D-8FDD-304D3DEC36E2}.Debug|Any CPU.ActiveCfg = Debug|Any CPU
		{A1B4949D-9EFC-494D-8FDD-304D3DEC36E2}.Debug|Any CPU.Build.0 = Debug|Any CPU
		{A1B4949D-9EFC-494D-8FDD-304D3DEC36E2}.Release|Any CPU.ActiveCfg = Release|Any CPU
		{A1B4949D-9EFC-494D-8FDD-304D3DEC36E2}.Release|Any CPU.Build.0 = Release|Any CPU
	EndGlobalSection
	GlobalSection(SolutionProperties) = preSolution
		HideSolutionNode = FALSE
	EndGlobalSection
	GlobalSection(ExtensibilityGlobals) = postSolution
		SolutionGuid = {6288E3CC-EF4F-48E7-A4F8-66D6BAB98DF9}
	EndGlobalSection
EndGlobal
